# THIS IS AN AUTOGENERATED FILE. DO NOT EDIT THIS FILE DIRECTLY.
# yarn lockfile v1


vee-validate@3:
  version "3.4.15"
  resolved "https://registry.yarnpkg.com/vee-validate/-/vee-validate-3.4.15.tgz#d1b2fe2120d28bd833efadce15d73b482f6f7bcb"
  integrity sha512-qEtvq9X2N7l5pjBe/6YGrrIBHxJA4KTrb3QrER3qzM7fzkH730m8LyVWMIzM47l//618nlUa7VvTdMFTRKr8tQ==
